
Microsoft Visual Studio Solution File, Format Version 11.00
# Visual Studio 2010
Project("{FAE04EC0-301F-11D3-BF4B-00C04F79EFBC}") = "PViewer", "Assembly-CSharp.csproj", "{1EA3539B-CCC8-94A9-C088-AE9356EE1190}"
EndProject
Project("{FAE04EC0-301F-11D3-BF4B-00C04F79EFBC}") = "PViewer", "Assembly-CSharp-Editor.csproj", "{85611E22-9CF7-35AE-628F-4A416ED57F2E}"
EndProject
Global
	GlobalSection(SolutionConfigurationPlatforms) = preSolution
		Debug|Any CPU = Debug|Any CPU
		Release|Any CPU = Release|Any CPU
	EndGlobalSection
	GlobalSection(ProjectConfigurationPlatforms) = postSolution
		{1EA3539B-CCC8-94A9-C088-AE9356EE1190}.Debug|Any CPU.ActiveCfg = Debug|Any CPU
		{1EA3539B-CCC8-94A9-C088-AE9356EE1190}.Debug|Any CPU.Build.0 = Debug|Any CPU
		{1EA3539B-CCC8-94A9-C088-AE9356EE1190}.Release|Any CPU.ActiveCfg = Release|Any CPU
		{1EA3539B-CCC8-94A9-C088-AE9356EE1190}.Release|Any CPU.Build.0 = Release|Any CPU
		{85611E22-9CF7-35AE-628F-4A416ED57F2E}.Debug|Any CPU.ActiveCfg = Debug|Any CPU
		{85611E22-9CF7-35AE-628F-4A416ED57F2E}.Debug|Any CPU.Build.0 = Debug|Any CPU
		{85611E22-9CF7-35AE-628F-4A416ED57F2E}.Release|Any CPU.ActiveCfg = Release|Any CPU
		{85611E22-9CF7-35AE-628F-4A416ED57F2E}.Release|Any CPU.Build.0 = Release|Any CPU
	EndGlobalSection
	GlobalSection(SolutionProperties) = preSolution
		HideSolutionNode = FALSE
	EndGlobalSection
	GlobalSection(MonoDevelopProperties) = preSolution
		StartupItem = Assembly-CSharp.csproj
	EndGlobalSection
EndGlobal
